
Microsoft Visual Studio Solution File, Format Version 12.00
# Visual Studio Version 16
VisualStudioVersion = 16.0.29403.142
MinimumVisualStudioVersion = 10.0.40219.1
Project("{8BC9CEB8-8B4A-11D0-8D11-00A0C91BC942}") = "MapMultimapApplication01", "MapMultimapApplication01\MapMultimapApplication01.vcxproj", "{8C5F96A8-91BC-492F-9417-06E3735F4F35}"
EndProject
Project("{8BC9CEB8-8B4A-11D0-8D11-00A0C91BC942}") = "MapMultimapApplication02", "MapMultimapApplication02\MapMultimapApplication02.vcxproj", "{5DAF8DFD-2421-4717-B4AC-D021801B8BF7}"
EndProject
Project("{8BC9CEB8-8B4A-11D0-8D11-00A0C91BC942}") = "MapMultimapApplication03", "MapMultimapApplication03\MapMultimapApplication03.vcxproj", "{2209565B-44C4-460A-85C7-D6AFA511C246}"
EndProject
Project("{8BC9CEB8-8B4A-11D0-8D11-00A0C91BC942}") = "MapMultimapApplication04", "MapMultimapApplication04\MapMultimapApplication04.vcxproj", "{AAD41395-AFA7-4215-84D8-E9EB023C1E8A}"
EndProject
Project("{8BC9CEB8-8B4A-11D0-8D11-00A0C91BC942}") = "MapMultimapApplication05", "MapMultimapApplication05\MapMultimapApplication05.vcxproj", "{DC78DBB7-5DF6-4FF8-887B-F4020BC61879}"
EndProject
Project("{8BC9CEB8-8B4A-11D0-8D11-00A0C91BC942}") = "MapMultimapApplication06", "MapMultimapApplication06\MapMultimapApplication06.vcxproj", "{0206FCE4-4CDA-4B13-AE31-4E428E52DE33}"
EndProject
Project("{8BC9CEB8-8B4A-11D0-8D11-00A0C91BC942}") = "MapMultimapApplication07", "MapMultimapApplication07\MapMultimapApplication07.vcxproj", "{BEE4C65E-C28A-402D-A5F1-6E69B47AFA49}"
EndProject
Project("{8BC9CEB8-8B4A-11D0-8D11-00A0C91BC942}") = "MapMultimapApplication08", "MapMultimapApplication08\MapMultimapApplication08.vcxproj", "{5311B82E-1BD1-4FE4-89CF-75DB5A5BA90F}"
EndProject
Project("{8BC9CEB8-8B4A-11D0-8D11-00A0C91BC942}") = "MapMultimapApplication09", "MapMultimapApplication09\MapMultimapApplication09.vcxproj", "{58E7539F-F2AB-483F-A2C1-8752EA1229EC}"
EndProject
Project("{8BC9CEB8-8B4A-11D0-8D11-00A0C91BC942}") = "MapMultimapApplication10", "MapMultimapApplication10\MapMultimapApplication10.vcxproj", "{2D103AAC-1FAA-4F36-B29A-3F52B1D1983A}"
EndProject
Project("{8BC9CEB8-8B4A-11D0-8D11-00A0C91BC942}") = "MapMultimapApplication11", "MapMultimapApplication11\MapMultimapApplication11.vcxproj", "{98380610-54B6-43DE-8625-5FAC147EAE56}"
EndProject
Project("{8BC9CEB8-8B4A-11D0-8D11-00A0C91BC942}") = "MapMultimapApplication12", "MapMultimapApplication12\MapMultimapApplication12.vcxproj", "{83B51845-0ABA-4277-BCCE-DD58346552EC}"
EndProject
Project("{8BC9CEB8-8B4A-11D0-8D11-00A0C91BC942}") = "MapMultimapApplication13", "MapMultimapApplication13\MapMultimapApplication13.vcxproj", "{93629154-02FA-40F1-B24C-06C7925BCC08}"
EndProject
Project("{8BC9CEB8-8B4A-11D0-8D11-00A0C91BC942}") = "MapMultimapApplication14", "MapMultimapApplication14\MapMultimapApplication14.vcxproj", "{443C0E01-901C-42D2-B83E-ED156F81DF19}"
EndProject
Project("{8BC9CEB8-8B4A-11D0-8D11-00A0C91BC942}") = "MapMultimapApplication15", "MapMultimapApplication15\MapMultimapApplication15.vcxproj", "{E889B19B-03BA-4D98-9532-45521E65EAAA}"
EndProject
Project("{8BC9CEB8-8B4A-11D0-8D11-00A0C91BC942}") = "MapMultimapApplication16", "MapMultimapApplication16\MapMultimapApplication16.vcxproj", "{46C49898-1CFF-4712-8B43-39BAD459F48E}"
EndProject
Project("{8BC9CEB8-8B4A-11D0-8D11-00A0C91BC942}") = "MapMultimapApplication17", "MapMultimapApplication17\MapMultimapApplication17.vcxproj", "{95935E11-6D57-4E35-AFD6-37A3142E877E}"
EndProject
Global
	GlobalSection(SolutionConfigurationPlatforms) = preSolution
		Debug|x64 = Debug|x64
		Debug|x86 = Debug|x86
		Release|x64 = Release|x64
		Release|x86 = Release|x86
	EndGlobalSection
	GlobalSection(ProjectConfigurationPlatforms) = postSolution
		{8C5F96A8-91BC-492F-9417-06E3735F4F35}.Debug|x64.ActiveCfg = Debug|x64
		{8C5F96A8-91BC-492F-9417-06E3735F4F35}.Debug|x64.Build.0 = Debug|x64
		{8C5F96A8-91BC-492F-9417-06E3735F4F35}.Debug|x86.ActiveCfg = Debug|Win32
		{8C5F96A8-91BC-492F-9417-06E3735F4F35}.Debug|x86.Build.0 = Debug|Win32
		{8C5F96A8-91BC-492F-9417-06E3735F4F35}.Release|x64.ActiveCfg = Release|x64
		{8C5F96A8-91BC-492F-9417-06E3735F4F35}.Release|x64.Build.0 = Release|x64
		{8C5F96A8-91BC-492F-9417-06E3735F4F35}.Release|x86.ActiveCfg = Release|Win32
		{8C5F96A8-91BC-492F-9417-06E3735F4F35}.Release|x86.Build.0 = Release|Win32
		{5DAF8DFD-2421-4717-B4AC-D021801B8BF7}.Debug|x64.ActiveCfg = Debug|x64
		{5DAF8DFD-2421-4717-B4AC-D021801B8BF7}.Debug|x64.Build.0 = Debug|x64
		{5DAF8DFD-2421-4717-B4AC-D021801B8BF7}.Debug|x86.ActiveCfg = Debug|Win32
		{5DAF8DFD-2421-4717-B4AC-D021801B8BF7}.Debug|x86.Build.0 = Debug|Win32
		{5DAF8DFD-2421-4717-B4AC-D021801B8BF7}.Release|x64.ActiveCfg = Release|x64
		{5DAF8DFD-2421-4717-B4AC-D021801B8BF7}.Release|x64.Build.0 = Release|x64
		{5DAF8DFD-2421-4717-B4AC-D021801B8BF7}.Release|x86.ActiveCfg = Release|Win32
		{5DAF8DFD-2421-4717-B4AC-D021801B8BF7}.Release|x86.Build.0 = Release|Win32
		{2209565B-44C4-460A-85C7-D6AFA511C246}.Debug|x64.ActiveCfg = Debug|x64
		{2209565B-44C4-460A-85C7-D6AFA511C246}.Debug|x64.Build.0 = Debug|x64
		{2209565B-44C4-460A-85C7-D6AFA511C246}.Debug|x86.ActiveCfg = Debug|Win32
		{2209565B-44C4-460A-85C7-D6AFA511C246}.Debug|x86.Build.0 = Debug|Win32
		{2209565B-44C4-460A-85C7-D6AFA511C246}.Release|x64.ActiveCfg = Release|x64
		{2209565B-44C4-460A-85C7-D6AFA511C246}.Release|x64.Build.0 = Release|x64
		{2209565B-44C4-460A-85C7-D6AFA511C246}.Release|x86.ActiveCfg = Release|Win32
		{2209565B-44C4-460A-85C7-D6AFA511C246}.Release|x86.Build.0 = Release|Win32
		{AAD41395-AFA7-4215-84D8-E9EB023C1E8A}.Debug|x64.ActiveCfg = Debug|x64
		{AAD41395-AFA7-4215-84D8-E9EB023C1E8A}.Debug|x64.Build.0 = Debug|x64
		{AAD41395-AFA7-4215-84D8-E9EB023C1E8A}.Debug|x86.ActiveCfg = Debug|Win32
		{AAD41395-AFA7-4215-84D8-E9EB023C1E8A}.Debug|x86.Build.0 = Debug|Win32
		{AAD41395-AFA7-4215-84D8-E9EB023C1E8A}.Release|x64.ActiveCfg = Release|x64
		{AAD41395-AFA7-4215-84D8-E9EB023C1E8A}.Release|x64.Build.0 = Release|x64
		{AAD41395-AFA7-4215-84D8-E9EB023C1E8A}.Release|x86.ActiveCfg = Release|Win32
		{AAD41395-AFA7-4215-84D8-E9EB023C1E8A}.Release|x86.Build.0 = Release|Win32
		{DC78DBB7-5DF6-4FF8-887B-F4020BC61879}.Debug|x64.ActiveCfg = Debug|x64
		{DC78DBB7-5DF6-4FF8-887B-F4020BC61879}.Debug|x64.Build.0 = Debug|x64
		{DC78DBB7-5DF6-4FF8-887B-F4020BC61879}.Debug|x86.ActiveCfg = Debug|Win32
		{DC78DBB7-5DF6-4FF8-887B-F4020BC61879}.Debug|x86.Build.0 = Debug|Win32
		{DC78DBB7-5DF6-4FF8-887B-F4020BC61879}.Release|x64.ActiveCfg = Release|x64
		{DC78DBB7-5DF6-4FF8-887B-F4020BC61879}.Release|x64.Build.0 = Release|x64
		{DC78DBB7-5DF6-4FF8-887B-F4020BC61879}.Release|x86.ActiveCfg = Release|Win32
		{DC78DBB7-5DF6-4FF8-887B-F4020BC61879}.Release|x86.Build.0 = Release|Win32
		{0206FCE4-4CDA-4B13-AE31-4E428E52DE33}.Debug|x64.ActiveCfg = Debug|x64
		{0206FCE4-4CDA-4B13-AE31-4E428E52DE33}.Debug|x64.Build.0 = Debug|x64
		{0206FCE4-4CDA-4B13-AE31-4E428E52DE33}.Debug|x86.ActiveCfg = Debug|Win32
		{0206FCE4-4CDA-4B13-AE31-4E428E52DE33}.Debug|x86.Build.0 = Debug|Win32
		{0206FCE4-4CDA-4B13-AE31-4E428E52DE33}.Release|x64.ActiveCfg = Release|x64
		{0206FCE4-4CDA-4B13-AE31-4E428E52DE33}.Release|x64.Build.0 = Release|x64
		{0206FCE4-4CDA-4B13-AE31-4E428E52DE33}.Release|x86.ActiveCfg = Release|Win32
		{0206FCE4-4CDA-4B13-AE31-4E428E52DE33}.Release|x86.Build.0 = Release|Win32
		{BEE4C65E-C28A-402D-A5F1-6E69B47AFA49}.Debug|x64.ActiveCfg = Debug|x64
		{BEE4C65E-C28A-402D-A5F1-6E69B47AFA49}.Debug|x64.Build.0 = Debug|x64
		{BEE4C65E-C28A-402D-A5F1-6E69B47AFA49}.Debug|x86.ActiveCfg = Debug|Win32
		{BEE4C65E-C28A-402D-A5F1-6E69B47AFA49}.Debug|x86.Build.0 = Debug|Win32
		{BEE4C65E-C28A-402D-A5F1-6E69B47AFA49}.Release|x64.ActiveCfg = Release|x64
		{BEE4C65E-C28A-402D-A5F1-6E69B47AFA49}.Release|x64.Build.0 = Release|x64
		{BEE4C65E-C28A-402D-A5F1-6E69B47AFA49}.Release|x86.ActiveCfg = Release|Win32
		{BEE4C65E-C28A-402D-A5F1-6E69B47AFA49}.Release|x86.Build.0 = Release|Win32
		{5311B82E-1BD1-4FE4-89CF-75DB5A5BA90F}.Debug|x64.ActiveCfg = Debug|x64
		{5311B82E-1BD1-4FE4-89CF-75DB5A5BA90F}.Debug|x64.Build.0 = Debug|x64
		{5311B82E-1BD1-4FE4-89CF-75DB5A5BA90F}.Debug|x86.ActiveCfg = Debug|Win32
		{5311B82E-1BD1-4FE4-89CF-75DB5A5BA90F}.Debug|x86.Build.0 = Debug|Win32
		{5311B82E-1BD1-4FE4-89CF-75DB5A5BA90F}.Release|x64.ActiveCfg = Release|x64
		{5311B82E-1BD1-4FE4-89CF-75DB5A5BA90F}.Release|x64.Build.0 = Release|x64
		{5311B82E-1BD1-4FE4-89CF-75DB5A5BA90F}.Release|x86.ActiveCfg = Release|Win32
		{5311B82E-1BD1-4FE4-89CF-75DB5A5BA90F}.Release|x86.Build.0 = Release|Win32
		{58E7539F-F2AB-483F-A2C1-8752EA1229EC}.Debug|x64.ActiveCfg = Debug|x64
		{58E7539F-F2AB-483F-A2C1-8752EA1229EC}.Debug|x64.Build.0 = Debug|x64
		{58E7539F-F2AB-483F-A2C1-8752EA1229EC}.Debug|x86.ActiveCfg = Debug|Win32
		{58E7539F-F2AB-483F-A2C1-8752EA1229EC}.Debug|x86.Build.0 = Debug|Win32
		{58E7539F-F2AB-483F-A2C1-8752EA1229EC}.Release|x64.ActiveCfg = Release|x64
		{58E7539F-F2AB-483F-A2C1-8752EA1229EC}.Release|x64.Build.0 = Release|x64
		{58E7539F-F2AB-483F-A2C1-8752EA1229EC}.Release|x86.ActiveCfg = Release|Win32
		{58E7539F-F2AB-483F-A2C1-8752EA1229EC}.Release|x86.Build.0 = Release|Win32
		{2D103AAC-1FAA-4F36-B29A-3F52B1D1983A}.Debug|x64.ActiveCfg = Debug|x64
		{2D103AAC-1FAA-4F36-B29A-3F52B1D1983A}.Debug|x64.Build.0 = Debug|x64
		{2D103AAC-1FAA-4F36-B29A-3F52B1D1983A}.Debug|x86.ActiveCfg = Debug|Win32
		{2D103AAC-1FAA-4F36-B29A-3F52B1D1983A}.Debug|x86.Build.0 = Debug|Win32
		{2D103AAC-1FAA-4F36-B29A-3F52B1D1983A}.Release|x64.ActiveCfg = Release|x64
		{2D103AAC-1FAA-4F36-B29A-3F52B1D1983A}.Release|x64.Build.0 = Release|x64
		{2D103AAC-1FAA-4F36-B29A-3F52B1D1983A}.Release|x86.ActiveCfg = Release|Win32
		{2D103AAC-1FAA-4F36-B29A-3F52B1D1983A}.Release|x86.Build.0 = Release|Win32
		{98380610-54B6-43DE-8625-5FAC147EAE56}.Debug|x64.ActiveCfg = Debug|x64
		{98380610-54B6-43DE-8625-5FAC147EAE56}.Debug|x64.Build.0 = Debug|x64
		{98380610-54B6-43DE-8625-5FAC147EAE56}.Debug|x86.ActiveCfg = Debug|Win32
		{98380610-54B6-43DE-8625-5FAC147EAE56}.Debug|x86.Build.0 = Debug|Win32
		{98380610-54B6-43DE-8625-5FAC147EAE56}.Release|x64.ActiveCfg = Release|x64
		{98380610-54B6-43DE-8625-5FAC147EAE56}.Release|x64.Build.0 = Release|x64
		{98380610-54B6-43DE-8625-5FAC147EAE56}.Release|x86.ActiveCfg = Release|Win32
		{98380610-54B6-43DE-8625-5FAC147EAE56}.Release|x86.Build.0 = Release|Win32
		{83B51845-0ABA-4277-BCCE-DD58346552EC}.Debug|x64.ActiveCfg = Debug|x64
		{83B51845-0ABA-4277-BCCE-DD58346552EC}.Debug|x64.Build.0 = Debug|x64
		{83B51845-0ABA-4277-BCCE-DD58346552EC}.Debug|x86.ActiveCfg = Debug|Win32
		{83B51845-0ABA-4277-BCCE-DD58346552EC}.Debug|x86.Build.0 = Debug|Win32
		{83B51845-0ABA-4277-BCCE-DD58346552EC}.Release|x64.ActiveCfg = Release|x64
		{83B51845-0ABA-4277-BCCE-DD58346552EC}.Release|x64.Build.0 = Release|x64
		{83B51845-0ABA-4277-BCCE-DD58346552EC}.Release|x86.ActiveCfg = Release|Win32
		{83B51845-0ABA-4277-BCCE-DD58346552EC}.Release|x86.Build.0 = Release|Win32
		{93629154-02FA-40F1-B24C-06C7925BCC08}.Debug|x64.ActiveCfg = Debug|x64
		{93629154-02FA-40F1-B24C-06C7925BCC08}.Debug|x64.Build.0 = Debug|x64
		{93629154-02FA-40F1-B24C-06C7925BCC08}.Debug|x86.ActiveCfg = Debug|Win32
		{93629154-02FA-40F1-B24C-06C7925BCC08}.Debug|x86.Build.0 = Debug|Win32
		{93629154-02FA-40F1-B24C-06C7925BCC08}.Release|x64.ActiveCfg = Release|x64
		{93629154-02FA-40F1-B24C-06C7925BCC08}.Release|x64.Build.0 = Release|x64
		{93629154-02FA-40F1-B24C-06C7925BCC08}.Release|x86.ActiveCfg = Release|Win32
		{93629154-02FA-40F1-B24C-06C7925BCC08}.Release|x86.Build.0 = Release|Win32
		{443C0E01-901C-42D2-B83E-ED156F81DF19}.Debug|x64.ActiveCfg = Debug|x64
		{443C0E01-901C-42D2-B83E-ED156F81DF19}.Debug|x64.Build.0 = Debug|x64
		{443C0E01-901C-42D2-B83E-ED156F81DF19}.Debug|x86.ActiveCfg = Debug|Win32
		{443C0E01-901C-42D2-B83E-ED156F81DF19}.Debug|x86.Build.0 = Debug|Win32
		{443C0E01-901C-42D2-B83E-ED156F81DF19}.Release|x64.ActiveCfg = Release|x64
		{443C0E01-901C-42D2-B83E-ED156F81DF19}.Release|x64.Build.0 = Release|x64
		{443C0E01-901C-42D2-B83E-ED156F81DF19}.Release|x86.ActiveCfg = Release|Win32
		{443C0E01-901C-42D2-B83E-ED156F81DF19}.Release|x86.Build.0 = Release|Win32
		{E889B19B-03BA-4D98-9532-45521E65EAAA}.Debug|x64.ActiveCfg = Debug|x64
		{E889B19B-03BA-4D98-9532-45521E65EAAA}.Debug|x64.Build.0 = Debug|x64
		{E889B19B-03BA-4D98-9532-45521E65EAAA}.Debug|x86.ActiveCfg = Debug|Win32
		{E889B19B-03BA-4D98-9532-45521E65EAAA}.Debug|x86.Build.0 = Debug|Win32
		{E889B19B-03BA-4D98-9532-45521E65EAAA}.Release|x64.ActiveCfg = Release|x64
		{E889B19B-03BA-4D98-9532-45521E65EAAA}.Release|x64.Build.0 = Release|x64
		{E889B19B-03BA-4D98-9532-45521E65EAAA}.Release|x86.ActiveCfg = Release|Win32
		{E889B19B-03BA-4D98-9532-45521E65EAAA}.Release|x86.Build.0 = Release|Win32
		{46C49898-1CFF-4712-8B43-39BAD459F48E}.Debug|x64.ActiveCfg = Debug|x64
		{46C49898-1CFF-4712-8B43-39BAD459F48E}.Debug|x64.Build.0 = Debug|x64
		{46C49898-1CFF-4712-8B43-39BAD459F48E}.Debug|x86.ActiveCfg = Debug|Win32
		{46C49898-1CFF-4712-8B43-39BAD459F48E}.Debug|x86.Build.0 = Debug|Win32
		{46C49898-1CFF-4712-8B43-39BAD459F48E}.Release|x64.ActiveCfg = Release|x64
		{46C49898-1CFF-4712-8B43-39BAD459F48E}.Release|x64.Build.0 = Release|x64
		{46C49898-1CFF-4712-8B43-39BAD459F48E}.Release|x86.ActiveCfg = Release|Win32
		{46C49898-1CFF-4712-8B43-39BAD459F48E}.Release|x86.Build.0 = Release|Win32
		{95935E11-6D57-4E35-AFD6-37A3142E877E}.Debug|x64.ActiveCfg = Debug|x64
		{95935E11-6D57-4E35-AFD6-37A3142E877E}.Debug|x64.Build.0 = Debug|x64
		{95935E11-6D57-4E35-AFD6-37A3142E877E}.Debug|x86.ActiveCfg = Debug|Win32
		{95935E11-6D57-4E35-AFD6-37A3142E877E}.Debug|x86.Build.0 = Debug|Win32
		{95935E11-6D57-4E35-AFD6-37A3142E877E}.Release|x64.ActiveCfg = Release|x64
		{95935E11-6D57-4E35-AFD6-37A3142E877E}.Release|x64.Build.0 = Release|x64
		{95935E11-6D57-4E35-AFD6-37A3142E877E}.Release|x86.ActiveCfg = Release|Win32
		{95935E11-6D57-4E35-AFD6-37A3142E877E}.Release|x86.Build.0 = Release|Win32
	EndGlobalSection
	GlobalSection(SolutionProperties) = preSolution
		HideSolutionNode = FALSE
	EndGlobalSection
	GlobalSection(ExtensibilityGlobals) = postSolution
		SolutionGuid = {415C9111-01B8-4535-B19A-C125BD93334C}
	EndGlobalSection
EndGlobal
